
Microsoft Visual Studio Solution File, Format Version 12.00
# Visual Studio Version 17
VisualStudioVersion = 17.5.33424.131
MinimumVisualStudioVersion = 10.0.40219.1
Project("{FAE04EC0-301F-11D3-BF4B-00C04F79EFBC}") = "JogoDaForca", "JogoDaForca\JogoDaForca.csproj", "{BCD9B7CC-EF2D-437C-B021-A3F1413FDACC}"
EndProject
Global
	GlobalSection(SolutionConfigurationPlatforms) = preSolution
		Debug|Any CPU = Debug|Any CPU
		Release|Any CPU = Release|Any CPU
	EndGlobalSection
	GlobalSection(ProjectConfigurationPlatforms) = postSolution
		{BCD9B7CC-EF2D-437C-B021-A3F1413FDACC}.Debug|Any CPU.ActiveCfg = Debug|Any CPU
		{BCD9B7CC-EF2D-437C-B021-A3F1413FDACC}.Debug|Any CPU.Build.0 = Debug|Any CPU
		{BCD9B7CC-EF2D-437C-B021-A3F1413FDACC}.Release|Any CPU.ActiveCfg = Release|Any CPU
		{BCD9B7CC-EF2D-437C-B021-A3F1413FDACC}.Release|Any CPU.Build.0 = Release|Any CPU
	EndGlobalSection
	GlobalSection(SolutionProperties) = preSolution
		HideSolutionNode = FALSE
	EndGlobalSection
	GlobalSection(ExtensibilityGlobals) = postSolution
		SolutionGuid = {376A799A-F4BD-4DCF-9B29-2DBE94F99D14}
	EndGlobalSection
EndGlobal
